<?xml version="1.0" encoding="utf-8"?>
<Project ToolsVersion="4.0" xmlns="http://schemas.microsoft.com/developer/msbuild/2003">
  <ItemGroup>
    <Filter Include="src">
      <UniqueIdentifier>{51ba6b3a-d98c-44fe-88ba-49ac6a6ac0c3}</UniqueIdentifier>
    </Filter>
    <Filter Include="src\resources">
      <UniqueIdentifier>{13166107-322f-433a-9a61-24bb0fba0855}</UniqueIdentifier>
    </Filter>
  </ItemGroup>
  <ItemGroup>
    <ResourceCompile Include="src\resources\app.rc">
      <Filter>src\resources</Filter>
    </ResourceCompile>
  </ItemGroup>
  <ItemGroup>
    <Image Include="src\resources\icon.ico">
      <Filter>src\resources</Filter>
    </Image>
  </ItemGroup>
  <ItemGroup>
    <ClCompile Include="src\main.cpp">
      <Filter>src</Filter>
    </ClCompile>
  </ItemGroup>
  <ItemGroup>
    <ClInclude Include="src\resources\resource.h">
      <Filter>src\resources</Filter>
    </ClInclude>
    <ClInclude Include="src\Command.h">
      <Filter>src</Filter>
    </ClInclude>
  </ItemGroup>
</Project>